
Microsoft Visual Studio Solution File, Format Version 12.00
# Visual Studio Version 16
VisualStudioVersion = 16.0.31410.357
MinimumVisualStudioVersion = 10.0.40219.1
Project("{2150E333-8FDC-42A3-9474-1A3956D46DE8}") = "src", "src", "{DEA153A2-BF31-46A3-A249-959B3D948338}"
EndProject
Project("{2150E333-8FDC-42A3-9474-1A3956D46DE8}") = "tests", "tests", "{648EEDCF-E475-4E4C-B8C7-82A3606BD273}"
EndProject
Project("{2150E333-8FDC-42A3-9474-1A3956D46DE8}") = "Core", "Core", "{883CA933-B7CC-49A8-AA2F-E6192D6E736C}"
EndProject
Project("{9A19103F-16F7-4668-BE54-9A1E7A4F7556}") = "QuickBase.Domain", "src\QuickBase.Domain\QuickBase.Domain.csproj", "{AF04FD19-ECF3-4806-84F3-8FB10CC48D6B}"
EndProject
Project("{9A19103F-16F7-4668-BE54-9A1E7A4F7556}") = "QuickBase.Application", "src\QuickBase.Application\QuickBase.Application.csproj", "{F64C126E-5A54-4BA5-B8E6-B25CA9D3E8B4}"
EndProject
Project("{2150E333-8FDC-42A3-9474-1A3956D46DE8}") = "Infrastructure", "Infrastructure", "{02E29FAE-C413-4F35-9914-21881D9FA4D9}"
EndProject
Project("{9A19103F-16F7-4668-BE54-9A1E7A4F7556}") = "QuickBase.Persistence", "src\QuickBase.Persistence\QuickBase.Persistence.csproj", "{68F7665D-5682-4DB2-A4E3-DE403AAB8D1B}"
EndProject
Project("{9A19103F-16F7-4668-BE54-9A1E7A4F7556}") = "QuickBase.CountryApiClient", "src\QuickBase.CountryApiClient\QuickBase.CountryApiClient.csproj", "{315033A4-062B-421E-A80E-7589D399FCBA}"
EndProject
Project("{2150E333-8FDC-42A3-9474-1A3956D46DE8}") = "Presentation", "Presentation", "{D72A7A54-F3D3-451B-9A6E-34666A09C2D1}"
EndProject
Project("{9A19103F-16F7-4668-BE54-9A1E7A4F7556}") = "QuickBase.WebApi", "src\QuickBase.WebApi\QuickBase.WebApi.csproj", "{8011DF7F-34D3-4F9A-B632-DBB5F3A0E7F8}"
EndProject
Project("{2150E333-8FDC-42A3-9474-1A3956D46DE8}") = "Core", "Core", "{A5AADC68-7D02-4095-A2B2-EF8936069E21}"
EndProject
Project("{9A19103F-16F7-4668-BE54-9A1E7A4F7556}") = "QuickBase.Application.UnitTests", "tests\QuickBase.Application.UnitTests\QuickBase.Application.UnitTests.csproj", "{D1B9328F-26C9-4B52-AD8C-56FA0E6B5F8F}"
EndProject
Project("{9A19103F-16F7-4668-BE54-9A1E7A4F7556}") = "QuickBase.Application.IntegrationTests", "tests\QuickBase.Application.IntegrationTests\QuickBase.Application.IntegrationTests.csproj", "{3A310327-2A23-4E14-8CDE-8951F70896F9}"
EndProject
Global
	GlobalSection(SolutionConfigurationPlatforms) = preSolution
		Debug|Any CPU = Debug|Any CPU
		Release|Any CPU = Release|Any CPU
	EndGlobalSection
	GlobalSection(ProjectConfigurationPlatforms) = postSolution
		{AF04FD19-ECF3-4806-84F3-8FB10CC48D6B}.Debug|Any CPU.ActiveCfg = Debug|Any CPU
		{AF04FD19-ECF3-4806-84F3-8FB10CC48D6B}.Debug|Any CPU.Build.0 = Debug|Any CPU
		{AF04FD19-ECF3-4806-84F3-8FB10CC48D6B}.Release|Any CPU.ActiveCfg = Release|Any CPU
		{AF04FD19-ECF3-4806-84F3-8FB10CC48D6B}.Release|Any CPU.Build.0 = Release|Any CPU
		{F64C126E-5A54-4BA5-B8E6-B25CA9D3E8B4}.Debug|Any CPU.ActiveCfg = Debug|Any CPU
		{F64C126E-5A54-4BA5-B8E6-B25CA9D3E8B4}.Debug|Any CPU.Build.0 = Debug|Any CPU
		{F64C126E-5A54-4BA5-B8E6-B25CA9D3E8B4}.Release|Any CPU.ActiveCfg = Release|Any CPU
		{F64C126E-5A54-4BA5-B8E6-B25CA9D3E8B4}.Release|Any CPU.Build.0 = Release|Any CPU
		{68F7665D-5682-4DB2-A4E3-DE403AAB8D1B}.Debug|Any CPU.ActiveCfg = Debug|Any CPU
		{68F7665D-5682-4DB2-A4E3-DE403AAB8D1B}.Debug|Any CPU.Build.0 = Debug|Any CPU
		{68F7665D-5682-4DB2-A4E3-DE403AAB8D1B}.Release|Any CPU.ActiveCfg = Release|Any CPU
		{68F7665D-5682-4DB2-A4E3-DE403AAB8D1B}.Release|Any CPU.Build.0 = Release|Any CPU
		{315033A4-062B-421E-A80E-7589D399FCBA}.Debug|Any CPU.ActiveCfg = Debug|Any CPU
		{315033A4-062B-421E-A80E-7589D399FCBA}.Debug|Any CPU.Build.0 = Debug|Any CPU
		{315033A4-062B-421E-A80E-7589D399FCBA}.Release|Any CPU.ActiveCfg = Release|Any CPU
		{315033A4-062B-421E-A80E-7589D399FCBA}.Release|Any CPU.Build.0 = Release|Any CPU
		{8011DF7F-34D3-4F9A-B632-DBB5F3A0E7F8}.Debug|Any CPU.ActiveCfg = Debug|Any CPU
		{8011DF7F-34D3-4F9A-B632-DBB5F3A0E7F8}.Debug|Any CPU.Build.0 = Debug|Any CPU
		{8011DF7F-34D3-4F9A-B632-DBB5F3A0E7F8}.Release|Any CPU.ActiveCfg = Release|Any CPU
		{8011DF7F-34D3-4F9A-B632-DBB5F3A0E7F8}.Release|Any CPU.Build.0 = Release|Any CPU
		{D1B9328F-26C9-4B52-AD8C-56FA0E6B5F8F}.Debug|Any CPU.ActiveCfg = Debug|Any CPU
		{D1B9328F-26C9-4B52-AD8C-56FA0E6B5F8F}.Debug|Any CPU.Build.0 = Debug|Any CPU
		{D1B9328F-26C9-4B52-AD8C-56FA0E6B5F8F}.Release|Any CPU.ActiveCfg = Release|Any CPU
		{D1B9328F-26C9-4B52-AD8C-56FA0E6B5F8F}.Release|Any CPU.Build.0 = Release|Any CPU
		{3A310327-2A23-4E14-8CDE-8951F70896F9}.Debug|Any CPU.ActiveCfg = Debug|Any CPU
		{3A310327-2A23-4E14-8CDE-8951F70896F9}.Debug|Any CPU.Build.0 = Debug|Any CPU
		{3A310327-2A23-4E14-8CDE-8951F70896F9}.Release|Any CPU.ActiveCfg = Release|Any CPU
		{3A310327-2A23-4E14-8CDE-8951F70896F9}.Release|Any CPU.Build.0 = Release|Any CPU
	EndGlobalSection
	GlobalSection(SolutionProperties) = preSolution
		HideSolutionNode = FALSE
	EndGlobalSection
	GlobalSection(NestedProjects) = preSolution
		{883CA933-B7CC-49A8-AA2F-E6192D6E736C} = {DEA153A2-BF31-46A3-A249-959B3D948338}
		{AF04FD19-ECF3-4806-84F3-8FB10CC48D6B} = {883CA933-B7CC-49A8-AA2F-E6192D6E736C}
		{F64C126E-5A54-4BA5-B8E6-B25CA9D3E8B4} = {883CA933-B7CC-49A8-AA2F-E6192D6E736C}
		{02E29FAE-C413-4F35-9914-21881D9FA4D9} = {DEA153A2-BF31-46A3-A249-959B3D948338}
		{68F7665D-5682-4DB2-A4E3-DE403AAB8D1B} = {02E29FAE-C413-4F35-9914-21881D9FA4D9}
		{315033A4-062B-421E-A80E-7589D399FCBA} = {02E29FAE-C413-4F35-9914-21881D9FA4D9}
		{D72A7A54-F3D3-451B-9A6E-34666A09C2D1} = {DEA153A2-BF31-46A3-A249-959B3D948338}
		{8011DF7F-34D3-4F9A-B632-DBB5F3A0E7F8} = {D72A7A54-F3D3-451B-9A6E-34666A09C2D1}
		{A5AADC68-7D02-4095-A2B2-EF8936069E21} = {648EEDCF-E475-4E4C-B8C7-82A3606BD273}
		{D1B9328F-26C9-4B52-AD8C-56FA0E6B5F8F} = {A5AADC68-7D02-4095-A2B2-EF8936069E21}
		{3A310327-2A23-4E14-8CDE-8951F70896F9} = {A5AADC68-7D02-4095-A2B2-EF8936069E21}
	EndGlobalSection
	GlobalSection(ExtensibilityGlobals) = postSolution
		SolutionGuid = {875C95C1-217B-4012-9C76-5C4EECA74407}
	EndGlobalSection
EndGlobal
