
Microsoft Visual Studio Solution File, Format Version 12.00
# Visual Studio Version 16
VisualStudioVersion = 16.0.31019.35
MinimumVisualStudioVersion = 10.0.40219.1
Project("{9A19103F-16F7-4668-BE54-9A1E7A4F7556}") = "QuickBaseDemoExercise.Aplication", "QuickBaseDemoExercise.Aplication\QuickBaseDemoExercise.Aplication.csproj", "{D9507385-1444-4CCC-A570-01FF1A0409B1}"
EndProject
Project("{9A19103F-16F7-4668-BE54-9A1E7A4F7556}") = "QuickBaseDemoExercise.Services", "QuickBaseDemoExercise.Services\QuickBaseDemoExercise.Services.csproj", "{C6DE914B-A005-433C-83FA-231961304068}"
EndProject
Project("{9A19103F-16F7-4668-BE54-9A1E7A4F7556}") = "QuickBaseDemoExercise.Domain", "QuickBaseDemoExercise.Domain\QuickBaseDemoExercise.Domain.csproj", "{1FAB4FA6-AB0E-47FB-B9CF-0D52421DBD1B}"
EndProject
Project("{9A19103F-16F7-4668-BE54-9A1E7A4F7556}") = "QuickBaseDemoExercise.DataBase", "QuickBaseDemoExercise.DataBase\QuickBaseDemoExercise.DataBase.csproj", "{BA4D2205-DFC0-47D6-9EEB-C55B9D820266}"
EndProject
Project("{FAE04EC0-301F-11D3-BF4B-00C04F79EFBC}") = "QuickBaseDemoExcercise.IntegrationTest", "QuickBaseDemoExcercise.IntegrationTest\QuickBaseDemoExcercise.IntegrationTest.csproj", "{994CB25B-038D-4F06-96D5-80F1FF8F7977}"
EndProject
Project("{FAE04EC0-301F-11D3-BF4B-00C04F79EFBC}") = "QuickBaseDemoExercise.UnitTests", "QuickBaseDemoExercise.UnitTests\QuickBaseDemoExercise.UnitTests.csproj", "{C7CA814F-B57F-462C-BA55-1A4D8FBD96FD}"
EndProject
Global
	GlobalSection(SolutionConfigurationPlatforms) = preSolution
		Debug|Any CPU = Debug|Any CPU
		Release|Any CPU = Release|Any CPU
	EndGlobalSection
	GlobalSection(ProjectConfigurationPlatforms) = postSolution
		{D9507385-1444-4CCC-A570-01FF1A0409B1}.Debug|Any CPU.ActiveCfg = Debug|Any CPU
		{D9507385-1444-4CCC-A570-01FF1A0409B1}.Debug|Any CPU.Build.0 = Debug|Any CPU
		{D9507385-1444-4CCC-A570-01FF1A0409B1}.Release|Any CPU.ActiveCfg = Release|Any CPU
		{D9507385-1444-4CCC-A570-01FF1A0409B1}.Release|Any CPU.Build.0 = Release|Any CPU
		{C6DE914B-A005-433C-83FA-231961304068}.Debug|Any CPU.ActiveCfg = Debug|Any CPU
		{C6DE914B-A005-433C-83FA-231961304068}.Debug|Any CPU.Build.0 = Debug|Any CPU
		{C6DE914B-A005-433C-83FA-231961304068}.Release|Any CPU.ActiveCfg = Release|Any CPU
		{C6DE914B-A005-433C-83FA-231961304068}.Release|Any CPU.Build.0 = Release|Any CPU
		{1FAB4FA6-AB0E-47FB-B9CF-0D52421DBD1B}.Debug|Any CPU.ActiveCfg = Debug|Any CPU
		{1FAB4FA6-AB0E-47FB-B9CF-0D52421DBD1B}.Debug|Any CPU.Build.0 = Debug|Any CPU
		{1FAB4FA6-AB0E-47FB-B9CF-0D52421DBD1B}.Release|Any CPU.ActiveCfg = Release|Any CPU
		{1FAB4FA6-AB0E-47FB-B9CF-0D52421DBD1B}.Release|Any CPU.Build.0 = Release|Any CPU
		{BA4D2205-DFC0-47D6-9EEB-C55B9D820266}.Debug|Any CPU.ActiveCfg = Debug|Any CPU
		{BA4D2205-DFC0-47D6-9EEB-C55B9D820266}.Debug|Any CPU.Build.0 = Debug|Any CPU
		{BA4D2205-DFC0-47D6-9EEB-C55B9D820266}.Release|Any CPU.ActiveCfg = Release|Any CPU
		{BA4D2205-DFC0-47D6-9EEB-C55B9D820266}.Release|Any CPU.Build.0 = Release|Any CPU
		{994CB25B-038D-4F06-96D5-80F1FF8F7977}.Debug|Any CPU.ActiveCfg = Debug|Any CPU
		{994CB25B-038D-4F06-96D5-80F1FF8F7977}.Debug|Any CPU.Build.0 = Debug|Any CPU
		{994CB25B-038D-4F06-96D5-80F1FF8F7977}.Release|Any CPU.ActiveCfg = Release|Any CPU
		{994CB25B-038D-4F06-96D5-80F1FF8F7977}.Release|Any CPU.Build.0 = Release|Any CPU
		{C7CA814F-B57F-462C-BA55-1A4D8FBD96FD}.Debug|Any CPU.ActiveCfg = Debug|Any CPU
		{C7CA814F-B57F-462C-BA55-1A4D8FBD96FD}.Debug|Any CPU.Build.0 = Debug|Any CPU
		{C7CA814F-B57F-462C-BA55-1A4D8FBD96FD}.Release|Any CPU.ActiveCfg = Release|Any CPU
		{C7CA814F-B57F-462C-BA55-1A4D8FBD96FD}.Release|Any CPU.Build.0 = Release|Any CPU
	EndGlobalSection
	GlobalSection(SolutionProperties) = preSolution
		HideSolutionNode = FALSE
	EndGlobalSection
	GlobalSection(ExtensibilityGlobals) = postSolution
		SolutionGuid = {4A06A28D-EB81-471F-BDF6-FD2C3C388A98}
	EndGlobalSection
EndGlobal
